
Microsoft Visual Studio Solution File, Format Version 12.00
# Visual Studio 14
VisualStudioVersion = 14.0.25420.1
MinimumVisualStudioVersion = 10.0.40219.1
Project("{F2A71F9B-5D33-465A-A702-920D77279786}") = "CommonViewEditors.Js", "CommonViewEditors.Js\CommonViewEditors.Js.fsproj", "{C277E9DE-78D0-40D7-BA34-7F68B4CB7E7B}"
EndProject
Project("{2150E333-8FDC-42A3-9474-1A3956D46DE8}") = "5 - Presentation", "5 - Presentation", "{7C145A02-7C37-4FFC-8B8F-9AFCC1B6FA4A}"
EndProject
Project("{2150E333-8FDC-42A3-9474-1A3956D46DE8}") = "1 - Core", "1 - Core", "{F9EDB926-0FFE-4AFF-9829-412D7D5B28F8}"
EndProject
Project("{2150E333-8FDC-42A3-9474-1A3956D46DE8}") = "7 - Tests", "7 - Tests", "{3CC87B6B-BE8F-4C9B-9566-33DC32045097}"
EndProject
Project("{F2A71F9B-5D33-465A-A702-920D77279786}") = "SampleModel.Core", "SampleModel.Core\SampleModel.Core.fsproj", "{39815D25-C33C-4E8B-8F87-B76CFE75221E}"
EndProject
Project("{F2A71F9B-5D33-465A-A702-920D77279786}") = "SampleModel.View", "SampleModel.View\SampleModel.View.fsproj", "{3EBBF7A0-5FD1-4BA6-BB92-A75C17EA3BA8}"
EndProject
Project("{FAE04EC0-301F-11D3-BF4B-00C04F79EFBC}") = "SampleModel.WpfApp", "SampleModel.WpfApp\SampleModel.WpfApp.csproj", "{15B5E753-3992-4D7E-A97A-58E4876A479A}"
EndProject
Project("{F2A71F9B-5D33-465A-A702-920D77279786}") = "FsCommonTypes.Core", "FsCommonTypes.Core\FsCommonTypes.Core.fsproj", "{2B69A3C1-3F5B-42C2-89D9-1529ECB70B84}"
EndProject
Project("{F2A71F9B-5D33-465A-A702-920D77279786}") = "Common.ViewModels", "Common.ViewModels\Common.ViewModels.fsproj", "{5E5BF92D-9586-40A4-9549-3BB8BFC87838}"
EndProject
Project("{FAE04EC0-301F-11D3-BF4B-00C04F79EFBC}") = "FsCommonTypes.View.Wpf", "FsCommonTypes.View.Wpf\FsCommonTypes.View.Wpf.csproj", "{D7B69FF3-1E49-4C5E-9501-67BAB168DB37}"
EndProject
Project("{F2A71F9B-5D33-465A-A702-920D77279786}") = "CommonTaskWorkflowUtils", "CommonTaskWorkflowUtils\CommonTaskWorkflowUtils.fsproj", "{AA79C0B9-8B6A-47F4-B5D2-4D720BDDF529}"
EndProject
Project("{F2A71F9B-5D33-465A-A702-920D77279786}") = "CommonValidations", "CommonValidations\CommonValidations.fsproj", "{9C29EEEF-84C9-4C18-98AF-9A52E69FA755}"
EndProject
Project("{F2A71F9B-5D33-465A-A702-920D77279786}") = "FsCommonValidations.Core", "FsCommonValidations.Core\FsCommonValidations.Core.fsproj", "{C56B0849-34FC-4A53-B612-447E3BA4444F}"
EndProject
Project("{2150E333-8FDC-42A3-9474-1A3956D46DE8}") = "3 - Business", "3 - Business", "{E7F12C61-FF2B-4A71-AEFE-02BF0D555EA1}"
EndProject
Project("{F2A71F9B-5D33-465A-A702-920D77279786}") = "FsharpCommonTypes.Business", "FsharpCommonTypes.Business\FsharpCommonTypes.Business.fsproj", "{92F08A01-E4CF-4644-8981-7450B1B0FA0D}"
EndProject
Project("{F2A71F9B-5D33-465A-A702-920D77279786}") = "SampleApp.ViewModels", "SampleApp.ViewModels\SampleApp.ViewModels.fsproj", "{0D11690F-61A2-485D-A691-428EAA9EDE67}"
EndProject
Project("{2150E333-8FDC-42A3-9474-1A3956D46DE8}") = "Xamarin", "Xamarin", "{CD6BBB3E-1D73-4945-9854-23CA8E22DB33}"
EndProject
Project("{2150E333-8FDC-42A3-9474-1A3956D46DE8}") = "Wpf", "Wpf", "{4288DD16-F4E4-4656-A43C-98F6EB2B73EC}"
EndProject
Project("{FAE04EC0-301F-11D3-BF4B-00C04F79EFBC}") = "FsharpCommonTypes.View.XamarinForms", "FsharpCommonTypes.View.XamarinForms\FsharpCommonTypes.View.XamarinForms.csproj", "{67F9D3A8-F71E-4428-913F-C37AE82CDB24}"
EndProject
Global
	GlobalSection(SolutionConfigurationPlatforms) = preSolution
		Debug|Any CPU = Debug|Any CPU
		Release|Any CPU = Release|Any CPU
	EndGlobalSection
	GlobalSection(ProjectConfigurationPlatforms) = postSolution
		{C277E9DE-78D0-40D7-BA34-7F68B4CB7E7B}.Debug|Any CPU.ActiveCfg = Debug|Any CPU
		{C277E9DE-78D0-40D7-BA34-7F68B4CB7E7B}.Debug|Any CPU.Build.0 = Debug|Any CPU
		{C277E9DE-78D0-40D7-BA34-7F68B4CB7E7B}.Release|Any CPU.ActiveCfg = Release|Any CPU
		{C277E9DE-78D0-40D7-BA34-7F68B4CB7E7B}.Release|Any CPU.Build.0 = Release|Any CPU
		{39815D25-C33C-4E8B-8F87-B76CFE75221E}.Debug|Any CPU.ActiveCfg = Debug|Any CPU
		{39815D25-C33C-4E8B-8F87-B76CFE75221E}.Debug|Any CPU.Build.0 = Debug|Any CPU
		{39815D25-C33C-4E8B-8F87-B76CFE75221E}.Release|Any CPU.ActiveCfg = Release|Any CPU
		{39815D25-C33C-4E8B-8F87-B76CFE75221E}.Release|Any CPU.Build.0 = Release|Any CPU
		{3EBBF7A0-5FD1-4BA6-BB92-A75C17EA3BA8}.Debug|Any CPU.ActiveCfg = Debug|Any CPU
		{3EBBF7A0-5FD1-4BA6-BB92-A75C17EA3BA8}.Debug|Any CPU.Build.0 = Debug|Any CPU
		{3EBBF7A0-5FD1-4BA6-BB92-A75C17EA3BA8}.Release|Any CPU.ActiveCfg = Release|Any CPU
		{3EBBF7A0-5FD1-4BA6-BB92-A75C17EA3BA8}.Release|Any CPU.Build.0 = Release|Any CPU
		{15B5E753-3992-4D7E-A97A-58E4876A479A}.Debug|Any CPU.ActiveCfg = Debug|Any CPU
		{15B5E753-3992-4D7E-A97A-58E4876A479A}.Debug|Any CPU.Build.0 = Debug|Any CPU
		{15B5E753-3992-4D7E-A97A-58E4876A479A}.Release|Any CPU.ActiveCfg = Release|Any CPU
		{15B5E753-3992-4D7E-A97A-58E4876A479A}.Release|Any CPU.Build.0 = Release|Any CPU
		{2B69A3C1-3F5B-42C2-89D9-1529ECB70B84}.Debug|Any CPU.ActiveCfg = Debug|Any CPU
		{2B69A3C1-3F5B-42C2-89D9-1529ECB70B84}.Debug|Any CPU.Build.0 = Debug|Any CPU
		{2B69A3C1-3F5B-42C2-89D9-1529ECB70B84}.Release|Any CPU.ActiveCfg = Release|Any CPU
		{2B69A3C1-3F5B-42C2-89D9-1529ECB70B84}.Release|Any CPU.Build.0 = Release|Any CPU
		{5E5BF92D-9586-40A4-9549-3BB8BFC87838}.Debug|Any CPU.ActiveCfg = Debug|Any CPU
		{5E5BF92D-9586-40A4-9549-3BB8BFC87838}.Debug|Any CPU.Build.0 = Debug|Any CPU
		{5E5BF92D-9586-40A4-9549-3BB8BFC87838}.Release|Any CPU.ActiveCfg = Release|Any CPU
		{5E5BF92D-9586-40A4-9549-3BB8BFC87838}.Release|Any CPU.Build.0 = Release|Any CPU
		{D7B69FF3-1E49-4C5E-9501-67BAB168DB37}.Debug|Any CPU.ActiveCfg = Debug|Any CPU
		{D7B69FF3-1E49-4C5E-9501-67BAB168DB37}.Debug|Any CPU.Build.0 = Debug|Any CPU
		{D7B69FF3-1E49-4C5E-9501-67BAB168DB37}.Release|Any CPU.ActiveCfg = Release|Any CPU
		{D7B69FF3-1E49-4C5E-9501-67BAB168DB37}.Release|Any CPU.Build.0 = Release|Any CPU
		{AA79C0B9-8B6A-47F4-B5D2-4D720BDDF529}.Debug|Any CPU.ActiveCfg = Debug|Any CPU
		{AA79C0B9-8B6A-47F4-B5D2-4D720BDDF529}.Debug|Any CPU.Build.0 = Debug|Any CPU
		{AA79C0B9-8B6A-47F4-B5D2-4D720BDDF529}.Release|Any CPU.ActiveCfg = Release|Any CPU
		{AA79C0B9-8B6A-47F4-B5D2-4D720BDDF529}.Release|Any CPU.Build.0 = Release|Any CPU
		{9C29EEEF-84C9-4C18-98AF-9A52E69FA755}.Debug|Any CPU.ActiveCfg = Debug|Any CPU
		{9C29EEEF-84C9-4C18-98AF-9A52E69FA755}.Debug|Any CPU.Build.0 = Debug|Any CPU
		{9C29EEEF-84C9-4C18-98AF-9A52E69FA755}.Release|Any CPU.ActiveCfg = Release|Any CPU
		{9C29EEEF-84C9-4C18-98AF-9A52E69FA755}.Release|Any CPU.Build.0 = Release|Any CPU
		{C56B0849-34FC-4A53-B612-447E3BA4444F}.Debug|Any CPU.ActiveCfg = Debug|Any CPU
		{C56B0849-34FC-4A53-B612-447E3BA4444F}.Debug|Any CPU.Build.0 = Debug|Any CPU
		{C56B0849-34FC-4A53-B612-447E3BA4444F}.Release|Any CPU.ActiveCfg = Release|Any CPU
		{C56B0849-34FC-4A53-B612-447E3BA4444F}.Release|Any CPU.Build.0 = Release|Any CPU
		{92F08A01-E4CF-4644-8981-7450B1B0FA0D}.Debug|Any CPU.ActiveCfg = Debug|Any CPU
		{92F08A01-E4CF-4644-8981-7450B1B0FA0D}.Debug|Any CPU.Build.0 = Debug|Any CPU
		{92F08A01-E4CF-4644-8981-7450B1B0FA0D}.Release|Any CPU.ActiveCfg = Release|Any CPU
		{92F08A01-E4CF-4644-8981-7450B1B0FA0D}.Release|Any CPU.Build.0 = Release|Any CPU
		{0D11690F-61A2-485D-A691-428EAA9EDE67}.Debug|Any CPU.ActiveCfg = Debug|Any CPU
		{0D11690F-61A2-485D-A691-428EAA9EDE67}.Debug|Any CPU.Build.0 = Debug|Any CPU
		{0D11690F-61A2-485D-A691-428EAA9EDE67}.Release|Any CPU.ActiveCfg = Release|Any CPU
		{0D11690F-61A2-485D-A691-428EAA9EDE67}.Release|Any CPU.Build.0 = Release|Any CPU
		{67F9D3A8-F71E-4428-913F-C37AE82CDB24}.Debug|Any CPU.ActiveCfg = Debug|Any CPU
		{67F9D3A8-F71E-4428-913F-C37AE82CDB24}.Debug|Any CPU.Build.0 = Debug|Any CPU
		{67F9D3A8-F71E-4428-913F-C37AE82CDB24}.Release|Any CPU.ActiveCfg = Release|Any CPU
		{67F9D3A8-F71E-4428-913F-C37AE82CDB24}.Release|Any CPU.Build.0 = Release|Any CPU
	EndGlobalSection
	GlobalSection(SolutionProperties) = preSolution
		HideSolutionNode = FALSE
	EndGlobalSection
	GlobalSection(NestedProjects) = preSolution
		{C277E9DE-78D0-40D7-BA34-7F68B4CB7E7B} = {7C145A02-7C37-4FFC-8B8F-9AFCC1B6FA4A}
		{39815D25-C33C-4E8B-8F87-B76CFE75221E} = {3CC87B6B-BE8F-4C9B-9566-33DC32045097}
		{3EBBF7A0-5FD1-4BA6-BB92-A75C17EA3BA8} = {3CC87B6B-BE8F-4C9B-9566-33DC32045097}
		{15B5E753-3992-4D7E-A97A-58E4876A479A} = {3CC87B6B-BE8F-4C9B-9566-33DC32045097}
		{2B69A3C1-3F5B-42C2-89D9-1529ECB70B84} = {F9EDB926-0FFE-4AFF-9829-412D7D5B28F8}
		{5E5BF92D-9586-40A4-9549-3BB8BFC87838} = {7C145A02-7C37-4FFC-8B8F-9AFCC1B6FA4A}
		{D7B69FF3-1E49-4C5E-9501-67BAB168DB37} = {4288DD16-F4E4-4656-A43C-98F6EB2B73EC}
		{AA79C0B9-8B6A-47F4-B5D2-4D720BDDF529} = {F9EDB926-0FFE-4AFF-9829-412D7D5B28F8}
		{9C29EEEF-84C9-4C18-98AF-9A52E69FA755} = {F9EDB926-0FFE-4AFF-9829-412D7D5B28F8}
		{C56B0849-34FC-4A53-B612-447E3BA4444F} = {F9EDB926-0FFE-4AFF-9829-412D7D5B28F8}
		{92F08A01-E4CF-4644-8981-7450B1B0FA0D} = {E7F12C61-FF2B-4A71-AEFE-02BF0D555EA1}
		{0D11690F-61A2-485D-A691-428EAA9EDE67} = {7C145A02-7C37-4FFC-8B8F-9AFCC1B6FA4A}
		{CD6BBB3E-1D73-4945-9854-23CA8E22DB33} = {7C145A02-7C37-4FFC-8B8F-9AFCC1B6FA4A}
		{4288DD16-F4E4-4656-A43C-98F6EB2B73EC} = {7C145A02-7C37-4FFC-8B8F-9AFCC1B6FA4A}
		{67F9D3A8-F71E-4428-913F-C37AE82CDB24} = {CD6BBB3E-1D73-4945-9854-23CA8E22DB33}
	EndGlobalSection
EndGlobal
