
Microsoft Visual Studio Solution File, Format Version 12.00
# Visual Studio 14
VisualStudioVersion = 14.0.25420.1
MinimumVisualStudioVersion = 10.0.40219.1
Project("{f2a71f9b-5d33-465a-a702-920d77279786}") = "CommonViewEditors.Js", "CommonViewEditors.Js\CommonViewEditors.Js.fsproj", "{C277E9DE-78D0-40D7-BA34-7F68B4CB7E7B}"
EndProject
Project("{2150E333-8FDC-42A3-9474-1A3956D46DE8}") = "5 - Presentation", "5 - Presentation", "{7C145A02-7C37-4FFC-8B8F-9AFCC1B6FA4A}"
EndProject
Project("{2150E333-8FDC-42A3-9474-1A3956D46DE8}") = "1 - Core", "1 - Core", "{F9EDB926-0FFE-4AFF-9829-412D7D5B28F8}"
EndProject
Project("{2150E333-8FDC-42A3-9474-1A3956D46DE8}") = "7 - Tests", "7 - Tests", "{3CC87B6B-BE8F-4C9B-9566-33DC32045097}"
EndProject
Project("{f2a71f9b-5d33-465a-a702-920d77279786}") = "SampleModel.Core", "SampleModel.Core\SampleModel.Core.fsproj", "{39815D25-C33C-4E8B-8F87-B76CFE75221E}"
EndProject
Project("{f2a71f9b-5d33-465a-a702-920d77279786}") = "SampleModel.View", "SampleModel.View\SampleModel.View.fsproj", "{3EBBF7A0-5FD1-4BA6-BB92-A75C17EA3BA8}"
EndProject
Project("{FAE04EC0-301F-11D3-BF4B-00C04F79EFBC}") = "SampleModel.WpfApp", "SampleModel.WpfApp\SampleModel.WpfApp.csproj", "{15B5E753-3992-4D7E-A97A-58E4876A479A}"
EndProject
Project("{f2a71f9b-5d33-465a-a702-920d77279786}") = "FsCommonTypes.Core", "FsCommonTypes.Core\FsCommonTypes.Core.fsproj", "{2B69A3C1-3F5B-42C2-89D9-1529ECB70B84}"
EndProject
Project("{f2a71f9b-5d33-465a-a702-920d77279786}") = "Common.ViewModels", "Common.ViewModels\Common.ViewModels.fsproj", "{5E5BF92D-9586-40A4-9549-3BB8BFC87838}"
EndProject
Project("{FAE04EC0-301F-11D3-BF4B-00C04F79EFBC}") = "FsCommonTypes.View.Wpf", "FsCommonTypes.View.Wpf\FsCommonTypes.View.Wpf.csproj", "{D7B69FF3-1E49-4C5E-9501-67BAB168DB37}"
EndProject
Project("{f2a71f9b-5d33-465a-a702-920d77279786}") = "CommonTaskWorkflowUtils", "CommonTaskWorkflowUtils\CommonTaskWorkflowUtils.fsproj", "{AA79C0B9-8B6A-47F4-B5D2-4D720BDDF529}"
EndProject
Project("{f2a71f9b-5d33-465a-a702-920d77279786}") = "FsCommonValidations.Core", "FsCommonValidations.Core\FsCommonValidations.Core.fsproj", "{C56B0849-34FC-4A53-B612-447E3BA4444F}"
EndProject
Project("{2150E333-8FDC-42A3-9474-1A3956D46DE8}") = "3 - Business", "3 - Business", "{E7F12C61-FF2B-4A71-AEFE-02BF0D555EA1}"
EndProject
Project("{f2a71f9b-5d33-465a-a702-920d77279786}") = "FsharpCommonTypes.Business", "FsharpCommonTypes.Business\FsharpCommonTypes.Business.fsproj", "{92F08A01-E4CF-4644-8981-7450B1B0FA0D}"
EndProject
Project("{f2a71f9b-5d33-465a-a702-920d77279786}") = "SampleApp.ViewModels", "SampleApp.ViewModels\SampleApp.ViewModels.fsproj", "{0D11690F-61A2-485D-A691-428EAA9EDE67}"
EndProject
Project("{2150E333-8FDC-42A3-9474-1A3956D46DE8}") = "Xamarin", "Xamarin", "{CD6BBB3E-1D73-4945-9854-23CA8E22DB33}"
EndProject
Project("{2150E333-8FDC-42A3-9474-1A3956D46DE8}") = "Wpf", "Wpf", "{4288DD16-F4E4-4656-A43C-98F6EB2B73EC}"
EndProject
Project("{FAE04EC0-301F-11D3-BF4B-00C04F79EFBC}") = "XamarinView", "XamarinView\XamarinView.csproj", "{467520B0-B9DC-419C-B4EB-AEB66AB942BD}"
EndProject
Project("{FAE04EC0-301F-11D3-BF4B-00C04F79EFBC}") = "XamarinSample", "XamarinSample\XamarinSample.csproj", "{74ABA7CD-B6C2-48C8-B0CE-16E2CE7EDFDF}"
EndProject
Project("{FAE04EC0-301F-11D3-BF4B-00C04F79EFBC}") = "XamarinSample.iOS", "iOS\XamarinSample.iOS.csproj", "{5A7BDA81-E4D2-4B0B-B2CD-BAECB522C452}"
EndProject
Global
	GlobalSection(SolutionConfigurationPlatforms) = preSolution
		Debug|Any CPU = Debug|Any CPU
		Release|Any CPU = Release|Any CPU
		Debug|iPhoneSimulator = Debug|iPhoneSimulator
		Release|iPhone = Release|iPhone
		Release|iPhoneSimulator = Release|iPhoneSimulator
		Debug|iPhone = Debug|iPhone
	EndGlobalSection
	GlobalSection(ProjectConfigurationPlatforms) = postSolution
		{C277E9DE-78D0-40D7-BA34-7F68B4CB7E7B}.Debug|Any CPU.ActiveCfg = Debug|Any CPU
		{C277E9DE-78D0-40D7-BA34-7F68B4CB7E7B}.Debug|Any CPU.Build.0 = Debug|Any CPU
		{C277E9DE-78D0-40D7-BA34-7F68B4CB7E7B}.Release|Any CPU.ActiveCfg = Release|Any CPU
		{C277E9DE-78D0-40D7-BA34-7F68B4CB7E7B}.Release|Any CPU.Build.0 = Release|Any CPU
		{C277E9DE-78D0-40D7-BA34-7F68B4CB7E7B}.Debug|iPhoneSimulator.ActiveCfg = Debug|Any CPU
		{C277E9DE-78D0-40D7-BA34-7F68B4CB7E7B}.Debug|iPhoneSimulator.Build.0 = Debug|Any CPU
		{C277E9DE-78D0-40D7-BA34-7F68B4CB7E7B}.Release|iPhone.ActiveCfg = Release|Any CPU
		{C277E9DE-78D0-40D7-BA34-7F68B4CB7E7B}.Release|iPhone.Build.0 = Release|Any CPU
		{C277E9DE-78D0-40D7-BA34-7F68B4CB7E7B}.Release|iPhoneSimulator.ActiveCfg = Release|Any CPU
		{C277E9DE-78D0-40D7-BA34-7F68B4CB7E7B}.Release|iPhoneSimulator.Build.0 = Release|Any CPU
		{C277E9DE-78D0-40D7-BA34-7F68B4CB7E7B}.Debug|iPhone.ActiveCfg = Debug|Any CPU
		{C277E9DE-78D0-40D7-BA34-7F68B4CB7E7B}.Debug|iPhone.Build.0 = Debug|Any CPU
		{39815D25-C33C-4E8B-8F87-B76CFE75221E}.Debug|Any CPU.ActiveCfg = Debug|Any CPU
		{39815D25-C33C-4E8B-8F87-B76CFE75221E}.Debug|Any CPU.Build.0 = Debug|Any CPU
		{39815D25-C33C-4E8B-8F87-B76CFE75221E}.Release|Any CPU.ActiveCfg = Release|Any CPU
		{39815D25-C33C-4E8B-8F87-B76CFE75221E}.Release|Any CPU.Build.0 = Release|Any CPU
		{39815D25-C33C-4E8B-8F87-B76CFE75221E}.Debug|iPhoneSimulator.ActiveCfg = Debug|Any CPU
		{39815D25-C33C-4E8B-8F87-B76CFE75221E}.Debug|iPhoneSimulator.Build.0 = Debug|Any CPU
		{39815D25-C33C-4E8B-8F87-B76CFE75221E}.Release|iPhone.ActiveCfg = Release|Any CPU
		{39815D25-C33C-4E8B-8F87-B76CFE75221E}.Release|iPhone.Build.0 = Release|Any CPU
		{39815D25-C33C-4E8B-8F87-B76CFE75221E}.Release|iPhoneSimulator.ActiveCfg = Release|Any CPU
		{39815D25-C33C-4E8B-8F87-B76CFE75221E}.Release|iPhoneSimulator.Build.0 = Release|Any CPU
		{39815D25-C33C-4E8B-8F87-B76CFE75221E}.Debug|iPhone.ActiveCfg = Debug|Any CPU
		{39815D25-C33C-4E8B-8F87-B76CFE75221E}.Debug|iPhone.Build.0 = Debug|Any CPU
		{3EBBF7A0-5FD1-4BA6-BB92-A75C17EA3BA8}.Debug|Any CPU.ActiveCfg = Debug|Any CPU
		{3EBBF7A0-5FD1-4BA6-BB92-A75C17EA3BA8}.Debug|Any CPU.Build.0 = Debug|Any CPU
		{3EBBF7A0-5FD1-4BA6-BB92-A75C17EA3BA8}.Release|Any CPU.ActiveCfg = Release|Any CPU
		{3EBBF7A0-5FD1-4BA6-BB92-A75C17EA3BA8}.Release|Any CPU.Build.0 = Release|Any CPU
		{3EBBF7A0-5FD1-4BA6-BB92-A75C17EA3BA8}.Debug|iPhoneSimulator.ActiveCfg = Debug|Any CPU
		{3EBBF7A0-5FD1-4BA6-BB92-A75C17EA3BA8}.Debug|iPhoneSimulator.Build.0 = Debug|Any CPU
		{3EBBF7A0-5FD1-4BA6-BB92-A75C17EA3BA8}.Release|iPhone.ActiveCfg = Release|Any CPU
		{3EBBF7A0-5FD1-4BA6-BB92-A75C17EA3BA8}.Release|iPhone.Build.0 = Release|Any CPU
		{3EBBF7A0-5FD1-4BA6-BB92-A75C17EA3BA8}.Release|iPhoneSimulator.ActiveCfg = Release|Any CPU
		{3EBBF7A0-5FD1-4BA6-BB92-A75C17EA3BA8}.Release|iPhoneSimulator.Build.0 = Release|Any CPU
		{3EBBF7A0-5FD1-4BA6-BB92-A75C17EA3BA8}.Debug|iPhone.ActiveCfg = Debug|Any CPU
		{3EBBF7A0-5FD1-4BA6-BB92-A75C17EA3BA8}.Debug|iPhone.Build.0 = Debug|Any CPU
		{15B5E753-3992-4D7E-A97A-58E4876A479A}.Debug|Any CPU.ActiveCfg = Debug|Any CPU
		{15B5E753-3992-4D7E-A97A-58E4876A479A}.Debug|Any CPU.Build.0 = Debug|Any CPU
		{15B5E753-3992-4D7E-A97A-58E4876A479A}.Release|Any CPU.ActiveCfg = Release|Any CPU
		{15B5E753-3992-4D7E-A97A-58E4876A479A}.Release|Any CPU.Build.0 = Release|Any CPU
		{15B5E753-3992-4D7E-A97A-58E4876A479A}.Debug|iPhoneSimulator.ActiveCfg = Debug|Any CPU
		{15B5E753-3992-4D7E-A97A-58E4876A479A}.Debug|iPhoneSimulator.Build.0 = Debug|Any CPU
		{15B5E753-3992-4D7E-A97A-58E4876A479A}.Release|iPhone.ActiveCfg = Release|Any CPU
		{15B5E753-3992-4D7E-A97A-58E4876A479A}.Release|iPhone.Build.0 = Release|Any CPU
		{15B5E753-3992-4D7E-A97A-58E4876A479A}.Release|iPhoneSimulator.ActiveCfg = Release|Any CPU
		{15B5E753-3992-4D7E-A97A-58E4876A479A}.Release|iPhoneSimulator.Build.0 = Release|Any CPU
		{15B5E753-3992-4D7E-A97A-58E4876A479A}.Debug|iPhone.ActiveCfg = Debug|Any CPU
		{15B5E753-3992-4D7E-A97A-58E4876A479A}.Debug|iPhone.Build.0 = Debug|Any CPU
		{2B69A3C1-3F5B-42C2-89D9-1529ECB70B84}.Debug|Any CPU.ActiveCfg = Debug|Any CPU
		{2B69A3C1-3F5B-42C2-89D9-1529ECB70B84}.Debug|Any CPU.Build.0 = Debug|Any CPU
		{2B69A3C1-3F5B-42C2-89D9-1529ECB70B84}.Release|Any CPU.ActiveCfg = Release|Any CPU
		{2B69A3C1-3F5B-42C2-89D9-1529ECB70B84}.Release|Any CPU.Build.0 = Release|Any CPU
		{2B69A3C1-3F5B-42C2-89D9-1529ECB70B84}.Debug|iPhoneSimulator.ActiveCfg = Debug|Any CPU
		{2B69A3C1-3F5B-42C2-89D9-1529ECB70B84}.Debug|iPhoneSimulator.Build.0 = Debug|Any CPU
		{2B69A3C1-3F5B-42C2-89D9-1529ECB70B84}.Release|iPhone.ActiveCfg = Release|Any CPU
		{2B69A3C1-3F5B-42C2-89D9-1529ECB70B84}.Release|iPhone.Build.0 = Release|Any CPU
		{2B69A3C1-3F5B-42C2-89D9-1529ECB70B84}.Release|iPhoneSimulator.ActiveCfg = Release|Any CPU
		{2B69A3C1-3F5B-42C2-89D9-1529ECB70B84}.Release|iPhoneSimulator.Build.0 = Release|Any CPU
		{2B69A3C1-3F5B-42C2-89D9-1529ECB70B84}.Debug|iPhone.ActiveCfg = Debug|Any CPU
		{2B69A3C1-3F5B-42C2-89D9-1529ECB70B84}.Debug|iPhone.Build.0 = Debug|Any CPU
		{5E5BF92D-9586-40A4-9549-3BB8BFC87838}.Debug|Any CPU.ActiveCfg = Debug|Any CPU
		{5E5BF92D-9586-40A4-9549-3BB8BFC87838}.Debug|Any CPU.Build.0 = Debug|Any CPU
		{5E5BF92D-9586-40A4-9549-3BB8BFC87838}.Release|Any CPU.ActiveCfg = Release|Any CPU
		{5E5BF92D-9586-40A4-9549-3BB8BFC87838}.Release|Any CPU.Build.0 = Release|Any CPU
		{5E5BF92D-9586-40A4-9549-3BB8BFC87838}.Debug|iPhoneSimulator.ActiveCfg = Debug|Any CPU
		{5E5BF92D-9586-40A4-9549-3BB8BFC87838}.Debug|iPhoneSimulator.Build.0 = Debug|Any CPU
		{5E5BF92D-9586-40A4-9549-3BB8BFC87838}.Release|iPhone.ActiveCfg = Release|Any CPU
		{5E5BF92D-9586-40A4-9549-3BB8BFC87838}.Release|iPhone.Build.0 = Release|Any CPU
		{5E5BF92D-9586-40A4-9549-3BB8BFC87838}.Release|iPhoneSimulator.ActiveCfg = Release|Any CPU
		{5E5BF92D-9586-40A4-9549-3BB8BFC87838}.Release|iPhoneSimulator.Build.0 = Release|Any CPU
		{5E5BF92D-9586-40A4-9549-3BB8BFC87838}.Debug|iPhone.ActiveCfg = Debug|Any CPU
		{5E5BF92D-9586-40A4-9549-3BB8BFC87838}.Debug|iPhone.Build.0 = Debug|Any CPU
		{D7B69FF3-1E49-4C5E-9501-67BAB168DB37}.Debug|Any CPU.ActiveCfg = Debug|Any CPU
		{D7B69FF3-1E49-4C5E-9501-67BAB168DB37}.Debug|Any CPU.Build.0 = Debug|Any CPU
		{D7B69FF3-1E49-4C5E-9501-67BAB168DB37}.Release|Any CPU.ActiveCfg = Release|Any CPU
		{D7B69FF3-1E49-4C5E-9501-67BAB168DB37}.Release|Any CPU.Build.0 = Release|Any CPU
		{D7B69FF3-1E49-4C5E-9501-67BAB168DB37}.Debug|iPhoneSimulator.ActiveCfg = Debug|Any CPU
		{D7B69FF3-1E49-4C5E-9501-67BAB168DB37}.Debug|iPhoneSimulator.Build.0 = Debug|Any CPU
		{D7B69FF3-1E49-4C5E-9501-67BAB168DB37}.Release|iPhone.ActiveCfg = Release|Any CPU
		{D7B69FF3-1E49-4C5E-9501-67BAB168DB37}.Release|iPhone.Build.0 = Release|Any CPU
		{D7B69FF3-1E49-4C5E-9501-67BAB168DB37}.Release|iPhoneSimulator.ActiveCfg = Release|Any CPU
		{D7B69FF3-1E49-4C5E-9501-67BAB168DB37}.Release|iPhoneSimulator.Build.0 = Release|Any CPU
		{D7B69FF3-1E49-4C5E-9501-67BAB168DB37}.Debug|iPhone.ActiveCfg = Debug|Any CPU
		{D7B69FF3-1E49-4C5E-9501-67BAB168DB37}.Debug|iPhone.Build.0 = Debug|Any CPU
		{AA79C0B9-8B6A-47F4-B5D2-4D720BDDF529}.Debug|Any CPU.ActiveCfg = Debug|Any CPU
		{AA79C0B9-8B6A-47F4-B5D2-4D720BDDF529}.Debug|Any CPU.Build.0 = Debug|Any CPU
		{AA79C0B9-8B6A-47F4-B5D2-4D720BDDF529}.Release|Any CPU.ActiveCfg = Release|Any CPU
		{AA79C0B9-8B6A-47F4-B5D2-4D720BDDF529}.Release|Any CPU.Build.0 = Release|Any CPU
		{AA79C0B9-8B6A-47F4-B5D2-4D720BDDF529}.Debug|iPhoneSimulator.ActiveCfg = Debug|Any CPU
		{AA79C0B9-8B6A-47F4-B5D2-4D720BDDF529}.Debug|iPhoneSimulator.Build.0 = Debug|Any CPU
		{AA79C0B9-8B6A-47F4-B5D2-4D720BDDF529}.Release|iPhone.ActiveCfg = Release|Any CPU
		{AA79C0B9-8B6A-47F4-B5D2-4D720BDDF529}.Release|iPhone.Build.0 = Release|Any CPU
		{AA79C0B9-8B6A-47F4-B5D2-4D720BDDF529}.Release|iPhoneSimulator.ActiveCfg = Release|Any CPU
		{AA79C0B9-8B6A-47F4-B5D2-4D720BDDF529}.Release|iPhoneSimulator.Build.0 = Release|Any CPU
		{AA79C0B9-8B6A-47F4-B5D2-4D720BDDF529}.Debug|iPhone.ActiveCfg = Debug|Any CPU
		{AA79C0B9-8B6A-47F4-B5D2-4D720BDDF529}.Debug|iPhone.Build.0 = Debug|Any CPU
		{C56B0849-34FC-4A53-B612-447E3BA4444F}.Debug|Any CPU.ActiveCfg = Debug|Any CPU
		{C56B0849-34FC-4A53-B612-447E3BA4444F}.Debug|Any CPU.Build.0 = Debug|Any CPU
		{C56B0849-34FC-4A53-B612-447E3BA4444F}.Release|Any CPU.ActiveCfg = Release|Any CPU
		{C56B0849-34FC-4A53-B612-447E3BA4444F}.Release|Any CPU.Build.0 = Release|Any CPU
		{C56B0849-34FC-4A53-B612-447E3BA4444F}.Debug|iPhoneSimulator.ActiveCfg = Debug|Any CPU
		{C56B0849-34FC-4A53-B612-447E3BA4444F}.Debug|iPhoneSimulator.Build.0 = Debug|Any CPU
		{C56B0849-34FC-4A53-B612-447E3BA4444F}.Release|iPhone.ActiveCfg = Release|Any CPU
		{C56B0849-34FC-4A53-B612-447E3BA4444F}.Release|iPhone.Build.0 = Release|Any CPU
		{C56B0849-34FC-4A53-B612-447E3BA4444F}.Release|iPhoneSimulator.ActiveCfg = Release|Any CPU
		{C56B0849-34FC-4A53-B612-447E3BA4444F}.Release|iPhoneSimulator.Build.0 = Release|Any CPU
		{C56B0849-34FC-4A53-B612-447E3BA4444F}.Debug|iPhone.ActiveCfg = Debug|Any CPU
		{C56B0849-34FC-4A53-B612-447E3BA4444F}.Debug|iPhone.Build.0 = Debug|Any CPU
		{92F08A01-E4CF-4644-8981-7450B1B0FA0D}.Debug|Any CPU.ActiveCfg = Debug|Any CPU
		{92F08A01-E4CF-4644-8981-7450B1B0FA0D}.Debug|Any CPU.Build.0 = Debug|Any CPU
		{92F08A01-E4CF-4644-8981-7450B1B0FA0D}.Release|Any CPU.ActiveCfg = Release|Any CPU
		{92F08A01-E4CF-4644-8981-7450B1B0FA0D}.Release|Any CPU.Build.0 = Release|Any CPU
		{92F08A01-E4CF-4644-8981-7450B1B0FA0D}.Debug|iPhoneSimulator.ActiveCfg = Debug|Any CPU
		{92F08A01-E4CF-4644-8981-7450B1B0FA0D}.Debug|iPhoneSimulator.Build.0 = Debug|Any CPU
		{92F08A01-E4CF-4644-8981-7450B1B0FA0D}.Release|iPhone.ActiveCfg = Release|Any CPU
		{92F08A01-E4CF-4644-8981-7450B1B0FA0D}.Release|iPhone.Build.0 = Release|Any CPU
		{92F08A01-E4CF-4644-8981-7450B1B0FA0D}.Release|iPhoneSimulator.ActiveCfg = Release|Any CPU
		{92F08A01-E4CF-4644-8981-7450B1B0FA0D}.Release|iPhoneSimulator.Build.0 = Release|Any CPU
		{92F08A01-E4CF-4644-8981-7450B1B0FA0D}.Debug|iPhone.ActiveCfg = Debug|Any CPU
		{92F08A01-E4CF-4644-8981-7450B1B0FA0D}.Debug|iPhone.Build.0 = Debug|Any CPU
		{0D11690F-61A2-485D-A691-428EAA9EDE67}.Debug|Any CPU.ActiveCfg = Debug|Any CPU
		{0D11690F-61A2-485D-A691-428EAA9EDE67}.Debug|Any CPU.Build.0 = Debug|Any CPU
		{0D11690F-61A2-485D-A691-428EAA9EDE67}.Release|Any CPU.ActiveCfg = Release|Any CPU
		{0D11690F-61A2-485D-A691-428EAA9EDE67}.Release|Any CPU.Build.0 = Release|Any CPU
		{0D11690F-61A2-485D-A691-428EAA9EDE67}.Debug|iPhoneSimulator.ActiveCfg = Debug|Any CPU
		{0D11690F-61A2-485D-A691-428EAA9EDE67}.Debug|iPhoneSimulator.Build.0 = Debug|Any CPU
		{0D11690F-61A2-485D-A691-428EAA9EDE67}.Release|iPhone.ActiveCfg = Release|Any CPU
		{0D11690F-61A2-485D-A691-428EAA9EDE67}.Release|iPhone.Build.0 = Release|Any CPU
		{0D11690F-61A2-485D-A691-428EAA9EDE67}.Release|iPhoneSimulator.ActiveCfg = Release|Any CPU
		{0D11690F-61A2-485D-A691-428EAA9EDE67}.Release|iPhoneSimulator.Build.0 = Release|Any CPU
		{0D11690F-61A2-485D-A691-428EAA9EDE67}.Debug|iPhone.ActiveCfg = Debug|Any CPU
		{0D11690F-61A2-485D-A691-428EAA9EDE67}.Debug|iPhone.Build.0 = Debug|Any CPU
		{467520B0-B9DC-419C-B4EB-AEB66AB942BD}.Debug|Any CPU.ActiveCfg = Debug|Any CPU
		{467520B0-B9DC-419C-B4EB-AEB66AB942BD}.Debug|Any CPU.Build.0 = Debug|Any CPU
		{467520B0-B9DC-419C-B4EB-AEB66AB942BD}.Release|Any CPU.ActiveCfg = Release|Any CPU
		{467520B0-B9DC-419C-B4EB-AEB66AB942BD}.Release|Any CPU.Build.0 = Release|Any CPU
		{467520B0-B9DC-419C-B4EB-AEB66AB942BD}.Debug|iPhoneSimulator.ActiveCfg = Debug|Any CPU
		{467520B0-B9DC-419C-B4EB-AEB66AB942BD}.Debug|iPhoneSimulator.Build.0 = Debug|Any CPU
		{467520B0-B9DC-419C-B4EB-AEB66AB942BD}.Release|iPhone.ActiveCfg = Release|Any CPU
		{467520B0-B9DC-419C-B4EB-AEB66AB942BD}.Release|iPhone.Build.0 = Release|Any CPU
		{467520B0-B9DC-419C-B4EB-AEB66AB942BD}.Release|iPhoneSimulator.ActiveCfg = Release|Any CPU
		{467520B0-B9DC-419C-B4EB-AEB66AB942BD}.Release|iPhoneSimulator.Build.0 = Release|Any CPU
		{467520B0-B9DC-419C-B4EB-AEB66AB942BD}.Debug|iPhone.ActiveCfg = Debug|Any CPU
		{467520B0-B9DC-419C-B4EB-AEB66AB942BD}.Debug|iPhone.Build.0 = Debug|Any CPU
		{74ABA7CD-B6C2-48C8-B0CE-16E2CE7EDFDF}.Debug|Any CPU.ActiveCfg = Debug|Any CPU
		{74ABA7CD-B6C2-48C8-B0CE-16E2CE7EDFDF}.Debug|Any CPU.Build.0 = Debug|Any CPU
		{74ABA7CD-B6C2-48C8-B0CE-16E2CE7EDFDF}.Release|Any CPU.ActiveCfg = Release|Any CPU
		{74ABA7CD-B6C2-48C8-B0CE-16E2CE7EDFDF}.Release|Any CPU.Build.0 = Release|Any CPU
		{74ABA7CD-B6C2-48C8-B0CE-16E2CE7EDFDF}.Debug|iPhoneSimulator.ActiveCfg = Debug|Any CPU
		{74ABA7CD-B6C2-48C8-B0CE-16E2CE7EDFDF}.Debug|iPhoneSimulator.Build.0 = Debug|Any CPU
		{74ABA7CD-B6C2-48C8-B0CE-16E2CE7EDFDF}.Release|iPhone.ActiveCfg = Release|Any CPU
		{74ABA7CD-B6C2-48C8-B0CE-16E2CE7EDFDF}.Release|iPhone.Build.0 = Release|Any CPU
		{74ABA7CD-B6C2-48C8-B0CE-16E2CE7EDFDF}.Release|iPhoneSimulator.ActiveCfg = Release|Any CPU
		{74ABA7CD-B6C2-48C8-B0CE-16E2CE7EDFDF}.Release|iPhoneSimulator.Build.0 = Release|Any CPU
		{74ABA7CD-B6C2-48C8-B0CE-16E2CE7EDFDF}.Debug|iPhone.ActiveCfg = Debug|Any CPU
		{74ABA7CD-B6C2-48C8-B0CE-16E2CE7EDFDF}.Debug|iPhone.Build.0 = Debug|Any CPU
		{5A7BDA81-E4D2-4B0B-B2CD-BAECB522C452}.Debug|Any CPU.ActiveCfg = Debug|iPhoneSimulator
		{5A7BDA81-E4D2-4B0B-B2CD-BAECB522C452}.Debug|Any CPU.Build.0 = Debug|iPhoneSimulator
		{5A7BDA81-E4D2-4B0B-B2CD-BAECB522C452}.Release|Any CPU.ActiveCfg = Release|iPhone
		{5A7BDA81-E4D2-4B0B-B2CD-BAECB522C452}.Release|Any CPU.Build.0 = Release|iPhone
		{5A7BDA81-E4D2-4B0B-B2CD-BAECB522C452}.Debug|iPhoneSimulator.ActiveCfg = Debug|iPhoneSimulator
		{5A7BDA81-E4D2-4B0B-B2CD-BAECB522C452}.Debug|iPhoneSimulator.Build.0 = Debug|iPhoneSimulator
		{5A7BDA81-E4D2-4B0B-B2CD-BAECB522C452}.Release|iPhone.ActiveCfg = Release|iPhone
		{5A7BDA81-E4D2-4B0B-B2CD-BAECB522C452}.Release|iPhone.Build.0 = Release|iPhone
		{5A7BDA81-E4D2-4B0B-B2CD-BAECB522C452}.Release|iPhoneSimulator.ActiveCfg = Release|iPhoneSimulator
		{5A7BDA81-E4D2-4B0B-B2CD-BAECB522C452}.Release|iPhoneSimulator.Build.0 = Release|iPhoneSimulator
		{5A7BDA81-E4D2-4B0B-B2CD-BAECB522C452}.Debug|iPhone.ActiveCfg = Debug|iPhone
		{5A7BDA81-E4D2-4B0B-B2CD-BAECB522C452}.Debug|iPhone.Build.0 = Debug|iPhone
	EndGlobalSection
	GlobalSection(SolutionProperties) = preSolution
		HideSolutionNode = FALSE
	EndGlobalSection
	GlobalSection(NestedProjects) = preSolution
		{C277E9DE-78D0-40D7-BA34-7F68B4CB7E7B} = {7C145A02-7C37-4FFC-8B8F-9AFCC1B6FA4A}
		{39815D25-C33C-4E8B-8F87-B76CFE75221E} = {3CC87B6B-BE8F-4C9B-9566-33DC32045097}
		{3EBBF7A0-5FD1-4BA6-BB92-A75C17EA3BA8} = {3CC87B6B-BE8F-4C9B-9566-33DC32045097}
		{15B5E753-3992-4D7E-A97A-58E4876A479A} = {3CC87B6B-BE8F-4C9B-9566-33DC32045097}
		{2B69A3C1-3F5B-42C2-89D9-1529ECB70B84} = {F9EDB926-0FFE-4AFF-9829-412D7D5B28F8}
		{5E5BF92D-9586-40A4-9549-3BB8BFC87838} = {7C145A02-7C37-4FFC-8B8F-9AFCC1B6FA4A}
		{D7B69FF3-1E49-4C5E-9501-67BAB168DB37} = {4288DD16-F4E4-4656-A43C-98F6EB2B73EC}
		{AA79C0B9-8B6A-47F4-B5D2-4D720BDDF529} = {F9EDB926-0FFE-4AFF-9829-412D7D5B28F8}
		{C56B0849-34FC-4A53-B612-447E3BA4444F} = {F9EDB926-0FFE-4AFF-9829-412D7D5B28F8}
		{92F08A01-E4CF-4644-8981-7450B1B0FA0D} = {E7F12C61-FF2B-4A71-AEFE-02BF0D555EA1}
		{0D11690F-61A2-485D-A691-428EAA9EDE67} = {7C145A02-7C37-4FFC-8B8F-9AFCC1B6FA4A}
		{CD6BBB3E-1D73-4945-9854-23CA8E22DB33} = {7C145A02-7C37-4FFC-8B8F-9AFCC1B6FA4A}
		{4288DD16-F4E4-4656-A43C-98F6EB2B73EC} = {7C145A02-7C37-4FFC-8B8F-9AFCC1B6FA4A}
		{467520B0-B9DC-419C-B4EB-AEB66AB942BD} = {CD6BBB3E-1D73-4945-9854-23CA8E22DB33}
		{74ABA7CD-B6C2-48C8-B0CE-16E2CE7EDFDF} = {CD6BBB3E-1D73-4945-9854-23CA8E22DB33}
		{5A7BDA81-E4D2-4B0B-B2CD-BAECB522C452} = {CD6BBB3E-1D73-4945-9854-23CA8E22DB33}
	EndGlobalSection
EndGlobal
