
Microsoft Visual Studio Solution File, Format Version 12.00
# Visual Studio 14
VisualStudioVersion = 14.0.25420.1
MinimumVisualStudioVersion = 10.0.40219.1
Project("{F2A71F9B-5D33-465A-A702-920D77279786}") = "TypesPlayground", "TypesPlayground\TypesPlayground.fsproj", "{9DB3383C-280C-48F0-B742-F99841036734}"
EndProject
Project("{F2A71F9B-5D33-465A-A702-920D77279786}") = "ConsolePlayground", "ConsolePlayground\ConsolePlayground.fsproj", "{B64513AA-2D4A-4F76-84EB-E3595A80405F}"
EndProject
Project("{F2A71F9B-5D33-465A-A702-920D77279786}") = "CommonViewEditors.Js", "CommonViewEditors.Js\CommonViewEditors.Js.fsproj", "{C277E9DE-78D0-40D7-BA34-7F68B4CB7E7B}"
EndProject
Project("{2150E333-8FDC-42A3-9474-1A3956D46DE8}") = "5 - Presentation", "5 - Presentation", "{7C145A02-7C37-4FFC-8B8F-9AFCC1B6FA4A}"
EndProject
Project("{2150E333-8FDC-42A3-9474-1A3956D46DE8}") = "1 - Core", "1 - Core", "{F9EDB926-0FFE-4AFF-9829-412D7D5B28F8}"
EndProject
Project("{2150E333-8FDC-42A3-9474-1A3956D46DE8}") = "7 - Tests", "7 - Tests", "{3CC87B6B-BE8F-4C9B-9566-33DC32045097}"
EndProject
Project("{F2A71F9B-5D33-465A-A702-920D77279786}") = "SampleModel.Core", "SampleModel.Core\SampleModel.Core.fsproj", "{39815D25-C33C-4E8B-8F87-B76CFE75221E}"
EndProject
Project("{F2A71F9B-5D33-465A-A702-920D77279786}") = "SampleModel.View", "SampleModel.View\SampleModel.View.fsproj", "{3EBBF7A0-5FD1-4BA6-BB92-A75C17EA3BA8}"
EndProject
Project("{FAE04EC0-301F-11D3-BF4B-00C04F79EFBC}") = "SampleModel.WpfApp", "SampleModel.WpfApp\SampleModel.WpfApp.csproj", "{15B5E753-3992-4D7E-A97A-58E4876A479A}"
EndProject
Project("{F2A71F9B-5D33-465A-A702-920D77279786}") = "FsCommonTypes.Core", "FsCommonTypes.Core\FsCommonTypes.Core.fsproj", "{2B69A3C1-3F5B-42C2-89D9-1529ECB70B84}"
EndProject
Project("{F2A71F9B-5D33-465A-A702-920D77279786}") = "FsCommonTypes.View", "FsCommonTypes.View\FsCommonTypes.View.fsproj", "{5A30AFDB-F3A7-40E5-8E64-537FF2CA1746}"
EndProject
Project("{F2A71F9B-5D33-465A-A702-920D77279786}") = "Common.ViewModels", "Common.ViewModels\Common.ViewModels.fsproj", "{5E5BF92D-9586-40A4-9549-3BB8BFC87838}"
EndProject
Project("{FAE04EC0-301F-11D3-BF4B-00C04F79EFBC}") = "FsCommonTypes.View.Wpf", "FsCommonTypes.View.Wpf\FsCommonTypes.View.Wpf.csproj", "{D7B69FF3-1E49-4C5E-9501-67BAB168DB37}"
EndProject
Global
	GlobalSection(SolutionConfigurationPlatforms) = preSolution
		Debug|Any CPU = Debug|Any CPU
		Release|Any CPU = Release|Any CPU
	EndGlobalSection
	GlobalSection(ProjectConfigurationPlatforms) = postSolution
		{9DB3383C-280C-48F0-B742-F99841036734}.Debug|Any CPU.ActiveCfg = Debug|Any CPU
		{9DB3383C-280C-48F0-B742-F99841036734}.Debug|Any CPU.Build.0 = Debug|Any CPU
		{9DB3383C-280C-48F0-B742-F99841036734}.Release|Any CPU.ActiveCfg = Release|Any CPU
		{9DB3383C-280C-48F0-B742-F99841036734}.Release|Any CPU.Build.0 = Release|Any CPU
		{B64513AA-2D4A-4F76-84EB-E3595A80405F}.Debug|Any CPU.ActiveCfg = Debug|Any CPU
		{B64513AA-2D4A-4F76-84EB-E3595A80405F}.Debug|Any CPU.Build.0 = Debug|Any CPU
		{B64513AA-2D4A-4F76-84EB-E3595A80405F}.Release|Any CPU.ActiveCfg = Release|Any CPU
		{B64513AA-2D4A-4F76-84EB-E3595A80405F}.Release|Any CPU.Build.0 = Release|Any CPU
		{C277E9DE-78D0-40D7-BA34-7F68B4CB7E7B}.Debug|Any CPU.ActiveCfg = Debug|Any CPU
		{C277E9DE-78D0-40D7-BA34-7F68B4CB7E7B}.Debug|Any CPU.Build.0 = Debug|Any CPU
		{C277E9DE-78D0-40D7-BA34-7F68B4CB7E7B}.Release|Any CPU.ActiveCfg = Release|Any CPU
		{C277E9DE-78D0-40D7-BA34-7F68B4CB7E7B}.Release|Any CPU.Build.0 = Release|Any CPU
		{39815D25-C33C-4E8B-8F87-B76CFE75221E}.Debug|Any CPU.ActiveCfg = Debug|Any CPU
		{39815D25-C33C-4E8B-8F87-B76CFE75221E}.Debug|Any CPU.Build.0 = Debug|Any CPU
		{39815D25-C33C-4E8B-8F87-B76CFE75221E}.Release|Any CPU.ActiveCfg = Release|Any CPU
		{39815D25-C33C-4E8B-8F87-B76CFE75221E}.Release|Any CPU.Build.0 = Release|Any CPU
		{3EBBF7A0-5FD1-4BA6-BB92-A75C17EA3BA8}.Debug|Any CPU.ActiveCfg = Debug|Any CPU
		{3EBBF7A0-5FD1-4BA6-BB92-A75C17EA3BA8}.Debug|Any CPU.Build.0 = Debug|Any CPU
		{3EBBF7A0-5FD1-4BA6-BB92-A75C17EA3BA8}.Release|Any CPU.ActiveCfg = Release|Any CPU
		{3EBBF7A0-5FD1-4BA6-BB92-A75C17EA3BA8}.Release|Any CPU.Build.0 = Release|Any CPU
		{15B5E753-3992-4D7E-A97A-58E4876A479A}.Debug|Any CPU.ActiveCfg = Debug|Any CPU
		{15B5E753-3992-4D7E-A97A-58E4876A479A}.Debug|Any CPU.Build.0 = Debug|Any CPU
		{15B5E753-3992-4D7E-A97A-58E4876A479A}.Release|Any CPU.ActiveCfg = Release|Any CPU
		{15B5E753-3992-4D7E-A97A-58E4876A479A}.Release|Any CPU.Build.0 = Release|Any CPU
		{2B69A3C1-3F5B-42C2-89D9-1529ECB70B84}.Debug|Any CPU.ActiveCfg = Debug|Any CPU
		{2B69A3C1-3F5B-42C2-89D9-1529ECB70B84}.Debug|Any CPU.Build.0 = Debug|Any CPU
		{2B69A3C1-3F5B-42C2-89D9-1529ECB70B84}.Release|Any CPU.ActiveCfg = Release|Any CPU
		{2B69A3C1-3F5B-42C2-89D9-1529ECB70B84}.Release|Any CPU.Build.0 = Release|Any CPU
		{5A30AFDB-F3A7-40E5-8E64-537FF2CA1746}.Debug|Any CPU.ActiveCfg = Debug|Any CPU
		{5A30AFDB-F3A7-40E5-8E64-537FF2CA1746}.Debug|Any CPU.Build.0 = Debug|Any CPU
		{5A30AFDB-F3A7-40E5-8E64-537FF2CA1746}.Release|Any CPU.ActiveCfg = Release|Any CPU
		{5A30AFDB-F3A7-40E5-8E64-537FF2CA1746}.Release|Any CPU.Build.0 = Release|Any CPU
		{5E5BF92D-9586-40A4-9549-3BB8BFC87838}.Debug|Any CPU.ActiveCfg = Debug|Any CPU
		{5E5BF92D-9586-40A4-9549-3BB8BFC87838}.Debug|Any CPU.Build.0 = Debug|Any CPU
		{5E5BF92D-9586-40A4-9549-3BB8BFC87838}.Release|Any CPU.ActiveCfg = Release|Any CPU
		{5E5BF92D-9586-40A4-9549-3BB8BFC87838}.Release|Any CPU.Build.0 = Release|Any CPU
		{D7B69FF3-1E49-4C5E-9501-67BAB168DB37}.Debug|Any CPU.ActiveCfg = Debug|Any CPU
		{D7B69FF3-1E49-4C5E-9501-67BAB168DB37}.Debug|Any CPU.Build.0 = Debug|Any CPU
		{D7B69FF3-1E49-4C5E-9501-67BAB168DB37}.Release|Any CPU.ActiveCfg = Release|Any CPU
		{D7B69FF3-1E49-4C5E-9501-67BAB168DB37}.Release|Any CPU.Build.0 = Release|Any CPU
	EndGlobalSection
	GlobalSection(SolutionProperties) = preSolution
		HideSolutionNode = FALSE
	EndGlobalSection
	GlobalSection(NestedProjects) = preSolution
		{C277E9DE-78D0-40D7-BA34-7F68B4CB7E7B} = {7C145A02-7C37-4FFC-8B8F-9AFCC1B6FA4A}
		{39815D25-C33C-4E8B-8F87-B76CFE75221E} = {3CC87B6B-BE8F-4C9B-9566-33DC32045097}
		{3EBBF7A0-5FD1-4BA6-BB92-A75C17EA3BA8} = {3CC87B6B-BE8F-4C9B-9566-33DC32045097}
		{15B5E753-3992-4D7E-A97A-58E4876A479A} = {3CC87B6B-BE8F-4C9B-9566-33DC32045097}
		{2B69A3C1-3F5B-42C2-89D9-1529ECB70B84} = {F9EDB926-0FFE-4AFF-9829-412D7D5B28F8}
		{5A30AFDB-F3A7-40E5-8E64-537FF2CA1746} = {7C145A02-7C37-4FFC-8B8F-9AFCC1B6FA4A}
		{5E5BF92D-9586-40A4-9549-3BB8BFC87838} = {7C145A02-7C37-4FFC-8B8F-9AFCC1B6FA4A}
		{D7B69FF3-1E49-4C5E-9501-67BAB168DB37} = {7C145A02-7C37-4FFC-8B8F-9AFCC1B6FA4A}
	EndGlobalSection
EndGlobal
